
Microsoft Visual Studio Solution File, Format Version 12.00
# Visual Studio Version 17
VisualStudioVersion = 17.5.33530.505
MinimumVisualStudioVersion = 10.0.40219.1
Project("{FAE04EC0-301F-11D3-BF4B-00C04F79EFBC}") = "XVTool", "XVTool\XVTool.csproj", "{655CAC48-B8C6-4022-A093-A1D22E57EE89}"
EndProject
Global
	GlobalSection(SolutionConfigurationPlatforms) = preSolution
		Debug|Any CPU = Debug|Any CPU
		Release|Any CPU = Release|Any CPU
	EndGlobalSection
	GlobalSection(ProjectConfigurationPlatforms) = postSolution
		{655CAC48-B8C6-4022-A093-A1D22E57EE89}.Debug|Any CPU.ActiveCfg = Debug|Any CPU
		{655CAC48-B8C6-4022-A093-A1D22E57EE89}.Debug|Any CPU.Build.0 = Debug|Any CPU
		{655CAC48-B8C6-4022-A093-A1D22E57EE89}.Release|Any CPU.ActiveCfg = Release|Any CPU
		{655CAC48-B8C6-4022-A093-A1D22E57EE89}.Release|Any CPU.Build.0 = Release|Any CPU
	EndGlobalSection
	GlobalSection(SolutionProperties) = preSolution
		HideSolutionNode = FALSE
	EndGlobalSection
	GlobalSection(ExtensibilityGlobals) = postSolution
		SolutionGuid = {FD42AE65-9AB8-4C1D-8FF9-4383DBC1CDCA}
	EndGlobalSection
EndGlobal
