
Microsoft Visual Studio Solution File, Format Version 12.00
# Visual Studio Version 17
VisualStudioVersion = 17.5.33530.505
MinimumVisualStudioVersion = 10.0.40219.1
Project("{FAE04EC0-301F-11D3-BF4B-00C04F79EFBC}") = "Slot Editor", "Slot Editor\Slot Editor.csproj", "{BB64FBF1-9513-49E4-BD96-81DE1410F790}"
EndProject
Global
	GlobalSection(SolutionConfigurationPlatforms) = preSolution
		Debug|Any CPU = Debug|Any CPU
		Release|Any CPU = Release|Any CPU
	EndGlobalSection
	GlobalSection(ProjectConfigurationPlatforms) = postSolution
		{BB64FBF1-9513-49E4-BD96-81DE1410F790}.Debug|Any CPU.ActiveCfg = Debug|Any CPU
		{BB64FBF1-9513-49E4-BD96-81DE1410F790}.Debug|Any CPU.Build.0 = Debug|Any CPU
		{BB64FBF1-9513-49E4-BD96-81DE1410F790}.Release|Any CPU.ActiveCfg = Release|Any CPU
		{BB64FBF1-9513-49E4-BD96-81DE1410F790}.Release|Any CPU.Build.0 = Release|Any CPU
	EndGlobalSection
	GlobalSection(SolutionProperties) = preSolution
		HideSolutionNode = FALSE
	EndGlobalSection
	GlobalSection(ExtensibilityGlobals) = postSolution
		SolutionGuid = {B8202009-C19C-4AAF-85A0-88EF30BFF60D}
	EndGlobalSection
EndGlobal
